// !$*UTF8*$!
{
	archiveVersion = 1;
	classes = {
	};
	objectVersion = 56;
	objects = {

/* Begin PBXBuildFile section */
		D62798C32BB89DB700B7A021 /* AppDelegate.swift in Sources */ = {isa = PBXBuildFile; fileRef = D62798C22BB89DB700B7A021 /* AppDelegate.swift */; };
		D62798C52BB89DB700B7A021 /* SceneDelegate.swift in Sources */ = {isa = PBXBuildFile; fileRef = D62798C42BB89DB700B7A021 /* SceneDelegate.swift */; };
		D62798CD2BB89DB700B7A021 /* TaskManager.xcdatamodeld in Sources */ = {isa = PBXBuildFile; fileRef = D62798CB2BB89DB700B7A021 /* TaskManager.xcdatamodeld */; };
		D62798CF2BB89DB900B7A021 /* Assets.xcassets in Resources */ = {isa = PBXBuildFile; fileRef = D62798CE2BB89DB900B7A021 /* Assets.xcassets */; };
		D62798D22BB89DB900B7A021 /* LaunchScreen.storyboard in Resources */ = {isa = PBXBuildFile; fileRef = D62798D02BB89DB900B7A021 /* LaunchScreen.storyboard */; };
		D62798DD2BB89DB900B7A021 /* TaskManagerTests.swift in Sources */ = {isa = PBXBuildFile; fileRef = D62798DC2BB89DB900B7A021 /* TaskManagerTests.swift */; };
		D62798E72BB89DB900B7A021 /* TaskManagerUITests.swift in Sources */ = {isa = PBXBuildFile; fileRef = D62798E62BB89DB900B7A021 /* TaskManagerUITests.swift */; };
		D62798E92BB89DB900B7A021 /* TaskManagerUITestsLaunchTests.swift in Sources */ = {isa = PBXBuildFile; fileRef = D62798E82BB89DB900B7A021 /* TaskManagerUITestsLaunchTests.swift */; };
		D62798FD2BB8D46600B7A021 /* PageControl.swift in Sources */ = {isa = PBXBuildFile; fileRef = D62798FC2BB8D46600B7A021 /* PageControl.swift */; };
		D62799012BB8D58200B7A021 /* OnboardingCollectionViewCell.swift in Sources */ = {isa = PBXBuildFile; fileRef = D62798FF2BB8D58200B7A021 /* OnboardingCollectionViewCell.swift */; };
		D62799022BB8D58200B7A021 /* OnboardingCollectionViewCell.xib in Resources */ = {isa = PBXBuildFile; fileRef = D62799002BB8D58200B7A021 /* OnboardingCollectionViewCell.xib */; };
		D62799042BB8D5CA00B7A021 /* OnboardingModel.swift in Sources */ = {isa = PBXBuildFile; fileRef = D62799032BB8D5CA00B7A021 /* OnboardingModel.swift */; };
		D62799062BB8D62700B7A021 /* OnboardingData.json in Resources */ = {isa = PBXBuildFile; fileRef = D62799052BB8D62700B7A021 /* OnboardingData.json */; };
		D62799082BB8D67700B7A021 /* OnboardingViewModel.swift in Sources */ = {isa = PBXBuildFile; fileRef = D62799072BB8D67700B7A021 /* OnboardingViewModel.swift */; };
		D627990C2BB8D6B300B7A021 /* +JSONDecoder.swift in Sources */ = {isa = PBXBuildFile; fileRef = D627990B2BB8D6B300B7A021 /* +JSONDecoder.swift */; };
		D627990F2BB8D79200B7A021 /* OnboardingViewController.swift in Sources */ = {isa = PBXBuildFile; fileRef = D627990D2BB8D79200B7A021 /* OnboardingViewController.swift */; };
		D62799102BB8D79200B7A021 /* OnboardingViewController.xib in Resources */ = {isa = PBXBuildFile; fileRef = D627990E2BB8D79200B7A021 /* OnboardingViewController.xib */; };
		D62799132BB8DA3500B7A021 /* UICollectionVeiw+Extension.swift in Sources */ = {isa = PBXBuildFile; fileRef = D62799122BB8DA3500B7A021 /* UICollectionVeiw+Extension.swift */; };
		D62799172BB9007100B7A021 /* Kanit-Bold.ttf in Resources */ = {isa = PBXBuildFile; fileRef = D62799162BB9007100B7A021 /* Kanit-Bold.ttf */; };
		D627991B2BB9009100B7A021 /* Kanit-Medium.ttf in Resources */ = {isa = PBXBuildFile; fileRef = D62799182BB9009000B7A021 /* Kanit-Medium.ttf */; };
		D627991C2BB9009100B7A021 /* Kanit-Regular.ttf in Resources */ = {isa = PBXBuildFile; fileRef = D62799192BB9009100B7A021 /* Kanit-Regular.ttf */; };
		D627991D2BB9009100B7A021 /* Kanit-SemiBold.ttf in Resources */ = {isa = PBXBuildFile; fileRef = D627991A2BB9009100B7A021 /* Kanit-SemiBold.ttf */; };
		D627991F2BB900EE00B7A021 /* Fonts.swift in Sources */ = {isa = PBXBuildFile; fileRef = D627991E2BB900EE00B7A021 /* Fonts.swift */; };
		D62799222BB9049100B7A021 /* Colors.xcassets in Resources */ = {isa = PBXBuildFile; fileRef = D62799212BB9049100B7A021 /* Colors.xcassets */; };
		D62799262BB9098100B7A021 /* .swiftlint.yml in Resources */ = {isa = PBXBuildFile; fileRef = D62799252BB9098100B7A021 /* .swiftlint.yml */; };
		D627992B2BB90A4D00B7A021 /* Localizable.strings in Resources */ = {isa = PBXBuildFile; fileRef = D627992A2BB90A4D00B7A021 /* Localizable.strings */; };
		D627992D2BB90A5E00B7A021 /* swiftgen.yml in Resources */ = {isa = PBXBuildFile; fileRef = D627992C2BB90A5E00B7A021 /* swiftgen.yml */; };
		D62799302BB90A9300B7A021 /* Strings+Generated.swift in Sources */ = {isa = PBXBuildFile; fileRef = D627992F2BB90A9300B7A021 /* Strings+Generated.swift */; };
/* End PBXBuildFile section */

/* Begin PBXContainerItemProxy section */
		D62798D92BB89DB900B7A021 /* PBXContainerItemProxy */ = {
			isa = PBXContainerItemProxy;
			containerPortal = D62798B72BB89DB700B7A021 /* Project object */;
			proxyType = 1;
			remoteGlobalIDString = D62798BE2BB89DB700B7A021;
			remoteInfo = TaskManager;
		};
		D62798E32BB89DB900B7A021 /* PBXContainerItemProxy */ = {
			isa = PBXContainerItemProxy;
			containerPortal = D62798B72BB89DB700B7A021 /* Project object */;
			proxyType = 1;
			remoteGlobalIDString = D62798BE2BB89DB700B7A021;
			remoteInfo = TaskManager;
		};
/* End PBXContainerItemProxy section */

/* Begin PBXFileReference section */
		D62798BF2BB89DB700B7A021 /* TaskManager.app */ = {isa = PBXFileReference; explicitFileType = wrapper.application; includeInIndex = 0; path = TaskManager.app; sourceTree = BUILT_PRODUCTS_DIR; };
		D62798C22BB89DB700B7A021 /* AppDelegate.swift */ = {isa = PBXFileReference; lastKnownFileType = sourcecode.swift; path = AppDelegate.swift; sourceTree = "<group>"; };
		D62798C42BB89DB700B7A021 /* SceneDelegate.swift */ = {isa = PBXFileReference; lastKnownFileType = sourcecode.swift; path = SceneDelegate.swift; sourceTree = "<group>"; };
		D62798CC2BB89DB700B7A021 /* TaskManager.xcdatamodel */ = {isa = PBXFileReference; lastKnownFileType = wrapper.xcdatamodel; path = TaskManager.xcdatamodel; sourceTree = "<group>"; };
		D62798CE2BB89DB900B7A021 /* Assets.xcassets */ = {isa = PBXFileReference; lastKnownFileType = folder.assetcatalog; path = Assets.xcassets; sourceTree = "<group>"; };
		D62798D12BB89DB900B7A021 /* Base */ = {isa = PBXFileReference; lastKnownFileType = file.storyboard; name = Base; path = Base.lproj/LaunchScreen.storyboard; sourceTree = "<group>"; };
		D62798D32BB89DB900B7A021 /* Info.plist */ = {isa = PBXFileReference; lastKnownFileType = text.plist.xml; path = Info.plist; sourceTree = "<group>"; };
		D62798D82BB89DB900B7A021 /* TaskManagerTests.xctest */ = {isa = PBXFileReference; explicitFileType = wrapper.cfbundle; includeInIndex = 0; path = TaskManagerTests.xctest; sourceTree = BUILT_PRODUCTS_DIR; };
		D62798DC2BB89DB900B7A021 /* TaskManagerTests.swift */ = {isa = PBXFileReference; lastKnownFileType = sourcecode.swift; path = TaskManagerTests.swift; sourceTree = "<group>"; };
		D62798E22BB89DB900B7A021 /* TaskManagerUITests.xctest */ = {isa = PBXFileReference; explicitFileType = wrapper.cfbundle; includeInIndex = 0; path = TaskManagerUITests.xctest; sourceTree = BUILT_PRODUCTS_DIR; };
		D62798E62BB89DB900B7A021 /* TaskManagerUITests.swift */ = {isa = PBXFileReference; lastKnownFileType = sourcecode.swift; path = TaskManagerUITests.swift; sourceTree = "<group>"; };
		D62798E82BB89DB900B7A021 /* TaskManagerUITestsLaunchTests.swift */ = {isa = PBXFileReference; lastKnownFileType = sourcecode.swift; path = TaskManagerUITestsLaunchTests.swift; sourceTree = "<group>"; };
		D62798FC2BB8D46600B7A021 /* PageControl.swift */ = {isa = PBXFileReference; lastKnownFileType = sourcecode.swift; path = PageControl.swift; sourceTree = "<group>"; };
		D62798FF2BB8D58200B7A021 /* OnboardingCollectionViewCell.swift */ = {isa = PBXFileReference; lastKnownFileType = sourcecode.swift; path = OnboardingCollectionViewCell.swift; sourceTree = "<group>"; };
		D62799002BB8D58200B7A021 /* OnboardingCollectionViewCell.xib */ = {isa = PBXFileReference; lastKnownFileType = file.xib; path = OnboardingCollectionViewCell.xib; sourceTree = "<group>"; };
		D62799032BB8D5CA00B7A021 /* OnboardingModel.swift */ = {isa = PBXFileReference; lastKnownFileType = sourcecode.swift; path = OnboardingModel.swift; sourceTree = "<group>"; };
		D62799052BB8D62700B7A021 /* OnboardingData.json */ = {isa = PBXFileReference; lastKnownFileType = text.json; path = OnboardingData.json; sourceTree = "<group>"; };
		D62799072BB8D67700B7A021 /* OnboardingViewModel.swift */ = {isa = PBXFileReference; lastKnownFileType = sourcecode.swift; path = OnboardingViewModel.swift; sourceTree = "<group>"; };
		D627990B2BB8D6B300B7A021 /* +JSONDecoder.swift */ = {isa = PBXFileReference; lastKnownFileType = sourcecode.swift; path = "+JSONDecoder.swift"; sourceTree = "<group>"; };
		D627990D2BB8D79200B7A021 /* OnboardingViewController.swift */ = {isa = PBXFileReference; lastKnownFileType = sourcecode.swift; path = OnboardingViewController.swift; sourceTree = "<group>"; };
		D627990E2BB8D79200B7A021 /* OnboardingViewController.xib */ = {isa = PBXFileReference; lastKnownFileType = file.xib; path = OnboardingViewController.xib; sourceTree = "<group>"; };
		D62799122BB8DA3500B7A021 /* UICollectionVeiw+Extension.swift */ = {isa = PBXFileReference; lastKnownFileType = sourcecode.swift; path = "UICollectionVeiw+Extension.swift"; sourceTree = "<group>"; };
		D62799162BB9007100B7A021 /* Kanit-Bold.ttf */ = {isa = PBXFileReference; lastKnownFileType = file; path = "Kanit-Bold.ttf"; sourceTree = "<group>"; };
		D62799182BB9009000B7A021 /* Kanit-Medium.ttf */ = {isa = PBXFileReference; lastKnownFileType = file; path = "Kanit-Medium.ttf"; sourceTree = "<group>"; };
		D62799192BB9009100B7A021 /* Kanit-Regular.ttf */ = {isa = PBXFileReference; lastKnownFileType = file; path = "Kanit-Regular.ttf"; sourceTree = "<group>"; };
		D627991A2BB9009100B7A021 /* Kanit-SemiBold.ttf */ = {isa = PBXFileReference; lastKnownFileType = file; path = "Kanit-SemiBold.ttf"; sourceTree = "<group>"; };
		D627991E2BB900EE00B7A021 /* Fonts.swift */ = {isa = PBXFileReference; lastKnownFileType = sourcecode.swift; path = Fonts.swift; sourceTree = "<group>"; };
		D62799212BB9049100B7A021 /* Colors.xcassets */ = {isa = PBXFileReference; lastKnownFileType = folder.assetcatalog; path = Colors.xcassets; sourceTree = "<group>"; };
		D62799252BB9098100B7A021 /* .swiftlint.yml */ = {isa = PBXFileReference; fileEncoding = 4; lastKnownFileType = text.yaml; path = .swiftlint.yml; sourceTree = "<group>"; };
		D627992A2BB90A4D00B7A021 /* Localizable.strings */ = {isa = PBXFileReference; lastKnownFileType = text.plist.strings; path = Localizable.strings; sourceTree = "<group>"; };
		D627992C2BB90A5E00B7A021 /* swiftgen.yml */ = {isa = PBXFileReference; fileEncoding = 4; lastKnownFileType = text.yaml; path = swiftgen.yml; sourceTree = "<group>"; };
		D627992F2BB90A9300B7A021 /* Strings+Generated.swift */ = {isa = PBXFileReference; fileEncoding = 4; lastKnownFileType = sourcecode.swift; path = "Strings+Generated.swift"; sourceTree = "<group>"; };
/* End PBXFileReference section */

/* Begin PBXFrameworksBuildPhase section */
		D62798BC2BB89DB700B7A021 /* Frameworks */ = {
			isa = PBXFrameworksBuildPhase;
			buildActionMask = 2147483647;
			files = (
			);
			runOnlyForDeploymentPostprocessing = 0;
		};
		D62798D52BB89DB900B7A021 /* Frameworks */ = {
			isa = PBXFrameworksBuildPhase;
			buildActionMask = 2147483647;
			files = (
			);
			runOnlyForDeploymentPostprocessing = 0;
		};
		D62798DF2BB89DB900B7A021 /* Frameworks */ = {
			isa = PBXFrameworksBuildPhase;
			buildActionMask = 2147483647;
			files = (
			);
			runOnlyForDeploymentPostprocessing = 0;
		};
/* End PBXFrameworksBuildPhase section */

/* Begin PBXGroup section */
		D62798B62BB89DB700B7A021 = {
			isa = PBXGroup;
			children = (
				D62799252BB9098100B7A021 /* .swiftlint.yml */,
				D627992C2BB90A5E00B7A021 /* swiftgen.yml */,
				D62798C12BB89DB700B7A021 /* TaskManager */,
				D62798F72BB8D3F600B7A021 /* Utilities */,
				D62799092BB8D69E00B7A021 /* Extensions */,
				D62799142BB9005600B7A021 /* Resources */,
				D62798DB2BB89DB900B7A021 /* TaskManagerTests */,
				D62798E52BB89DB900B7A021 /* TaskManagerUITests */,
				D62798C02BB89DB700B7A021 /* Products */,
			);
			sourceTree = "<group>";
		};
		D62798C02BB89DB700B7A021 /* Products */ = {
			isa = PBXGroup;
			children = (
				D62798BF2BB89DB700B7A021 /* TaskManager.app */,
				D62798D82BB89DB900B7A021 /* TaskManagerTests.xctest */,
				D62798E22BB89DB900B7A021 /* TaskManagerUITests.xctest */,
			);
			name = Products;
			sourceTree = "<group>";
		};
		D62798C12BB89DB700B7A021 /* TaskManager */ = {
			isa = PBXGroup;
			children = (
				D62799232BB9092000B7A021 /* Delegates */,
				D62798F52BB8D3D900B7A021 /* Scenes */,
				D62798D32BB89DB900B7A021 /* Info.plist */,
				D62798CB2BB89DB700B7A021 /* TaskManager.xcdatamodeld */,
			);
			path = TaskManager;
			sourceTree = "<group>";
		};
		D62798DB2BB89DB900B7A021 /* TaskManagerTests */ = {
			isa = PBXGroup;
			children = (
				D62798DC2BB89DB900B7A021 /* TaskManagerTests.swift */,
			);
			path = TaskManagerTests;
			sourceTree = "<group>";
		};
		D62798E52BB89DB900B7A021 /* TaskManagerUITests */ = {
			isa = PBXGroup;
			children = (
				D62798E62BB89DB900B7A021 /* TaskManagerUITests.swift */,
				D62798E82BB89DB900B7A021 /* TaskManagerUITestsLaunchTests.swift */,
			);
			path = TaskManagerUITests;
			sourceTree = "<group>";
		};
		D62798F52BB8D3D900B7A021 /* Scenes */ = {
			isa = PBXGroup;
			children = (
				D62798F62BB8D3DD00B7A021 /* Onboarding */,
			);
			path = Scenes;
			sourceTree = "<group>";
		};
		D62798F62BB8D3DD00B7A021 /* Onboarding */ = {
			isa = PBXGroup;
			children = (
				D62798FE2BB8D57200B7A021 /* Cell */,
				D62799032BB8D5CA00B7A021 /* OnboardingModel.swift */,
				D62799052BB8D62700B7A021 /* OnboardingData.json */,
				D62799072BB8D67700B7A021 /* OnboardingViewModel.swift */,
				D627990D2BB8D79200B7A021 /* OnboardingViewController.swift */,
				D627990E2BB8D79200B7A021 /* OnboardingViewController.xib */,
			);
			path = Onboarding;
			sourceTree = "<group>";
		};
		D62798F72BB8D3F600B7A021 /* Utilities */ = {
			isa = PBXGroup;
			children = (
				D62798FA2BB8D44000B7A021 /* Custom Views */,
				D62798F92BB8D43300B7A021 /* Router */,
				D62798F82BB8D40400B7A021 /* Coordnator */,
			);
			path = Utilities;
			sourceTree = "<group>";
		};
		D62798F82BB8D40400B7A021 /* Coordnator */ = {
			isa = PBXGroup;
			children = (
			);
			path = Coordnator;
			sourceTree = "<group>";
		};
		D62798F92BB8D43300B7A021 /* Router */ = {
			isa = PBXGroup;
			children = (
			);
			path = Router;
			sourceTree = "<group>";
		};
		D62798FA2BB8D44000B7A021 /* Custom Views */ = {
			isa = PBXGroup;
			children = (
				D62798FB2BB8D44B00B7A021 /* PageControl */,
			);
			path = "Custom Views";
			sourceTree = "<group>";
		};
		D62798FB2BB8D44B00B7A021 /* PageControl */ = {
			isa = PBXGroup;
			children = (
				D62798FC2BB8D46600B7A021 /* PageControl.swift */,
			);
			path = PageControl;
			sourceTree = "<group>";
		};
		D62798FE2BB8D57200B7A021 /* Cell */ = {
			isa = PBXGroup;
			children = (
				D62798FF2BB8D58200B7A021 /* OnboardingCollectionViewCell.swift */,
				D62799002BB8D58200B7A021 /* OnboardingCollectionViewCell.xib */,
			);
			path = Cell;
			sourceTree = "<group>";
		};
		D62799092BB8D69E00B7A021 /* Extensions */ = {
			isa = PBXGroup;
			children = (
				D62799112BB8DA1700B7A021 /* UICollectionView */,
				D627990A2BB8D6A700B7A021 /* Foundation */,
			);
			path = Extensions;
			sourceTree = "<group>";
		};
		D627990A2BB8D6A700B7A021 /* Foundation */ = {
			isa = PBXGroup;
			children = (
				D627990B2BB8D6B300B7A021 /* +JSONDecoder.swift */,
			);
			path = Foundation;
			sourceTree = "<group>";
		};
		D62799112BB8DA1700B7A021 /* UICollectionView */ = {
			isa = PBXGroup;
			children = (
				D62799122BB8DA3500B7A021 /* UICollectionVeiw+Extension.swift */,
			);
			path = UICollectionView;
			sourceTree = "<group>";
		};
		D62799142BB9005600B7A021 /* Resources */ = {
			isa = PBXGroup;
			children = (
				D62799292BB90A4500B7A021 /* Localization */,
				D62799282BB90A3E00B7A021 /* Generated */,
				D62799242BB9092E00B7A021 /* LaunchScreen */,
				D62799202BB9048200B7A021 /* Assets */,
				D62799152BB9005900B7A021 /* Fonts */,
			);
			path = Resources;
			sourceTree = "<group>";
		};
		D62799152BB9005900B7A021 /* Fonts */ = {
			isa = PBXGroup;
			children = (
				D62799182BB9009000B7A021 /* Kanit-Medium.ttf */,
				D62799192BB9009100B7A021 /* Kanit-Regular.ttf */,
				D627991A2BB9009100B7A021 /* Kanit-SemiBold.ttf */,
				D62799162BB9007100B7A021 /* Kanit-Bold.ttf */,
				D627991E2BB900EE00B7A021 /* Fonts.swift */,
			);
			path = Fonts;
			sourceTree = "<group>";
		};
		D62799202BB9048200B7A021 /* Assets */ = {
			isa = PBXGroup;
			children = (
				D62798CE2BB89DB900B7A021 /* Assets.xcassets */,
				D62799212BB9049100B7A021 /* Colors.xcassets */,
			);
			path = Assets;
			sourceTree = "<group>";
		};
		D62799232BB9092000B7A021 /* Delegates */ = {
			isa = PBXGroup;
			children = (
				D62798C22BB89DB700B7A021 /* AppDelegate.swift */,
				D62798C42BB89DB700B7A021 /* SceneDelegate.swift */,
			);
			path = Delegates;
			sourceTree = "<group>";
		};
		D62799242BB9092E00B7A021 /* LaunchScreen */ = {
			isa = PBXGroup;
			children = (
				D62798D02BB89DB900B7A021 /* LaunchScreen.storyboard */,
			);
			path = LaunchScreen;
			sourceTree = "<group>";
		};
		D62799282BB90A3E00B7A021 /* Generated */ = {
			isa = PBXGroup;
			children = (
				D627992F2BB90A9300B7A021 /* Strings+Generated.swift */,
			);
			path = Generated;
			sourceTree = "<group>";
		};
		D62799292BB90A4500B7A021 /* Localization */ = {
			isa = PBXGroup;
			children = (
				D627992A2BB90A4D00B7A021 /* Localizable.strings */,
			);
			path = Localization;
			sourceTree = "<group>";
		};
/* End PBXGroup section */

/* Begin PBXNativeTarget section */
		D62798BE2BB89DB700B7A021 /* TaskManager */ = {
			isa = PBXNativeTarget;
			buildConfigurationList = D62798EC2BB89DB900B7A021 /* Build configuration list for PBXNativeTarget "TaskManager" */;
			buildPhases = (
				D627992E2BB90A7100B7A021 /* swiftgen */,
				D62799272BB9099700B7A021 /* swiftlint */,
				D62798BB2BB89DB700B7A021 /* Sources */,
				D62798BC2BB89DB700B7A021 /* Frameworks */,
				D62798BD2BB89DB700B7A021 /* Resources */,
			);
			buildRules = (
			);
			dependencies = (
			);
			name = TaskManager;
			productName = TaskManager;
			productReference = D62798BF2BB89DB700B7A021 /* TaskManager.app */;
			productType = "com.apple.product-type.application";
		};
		D62798D72BB89DB900B7A021 /* TaskManagerTests */ = {
			isa = PBXNativeTarget;
			buildConfigurationList = D62798EF2BB89DB900B7A021 /* Build configuration list for PBXNativeTarget "TaskManagerTests" */;
			buildPhases = (
				D62798D42BB89DB900B7A021 /* Sources */,
				D62798D52BB89DB900B7A021 /* Frameworks */,
				D62798D62BB89DB900B7A021 /* Resources */,
			);
			buildRules = (
			);
			dependencies = (
				D62798DA2BB89DB900B7A021 /* PBXTargetDependency */,
			);
			name = TaskManagerTests;
			productName = TaskManagerTests;
			productReference = D62798D82BB89DB900B7A021 /* TaskManagerTests.xctest */;
			productType = "com.apple.product-type.bundle.unit-test";
		};
		D62798E12BB89DB900B7A021 /* TaskManagerUITests */ = {
			isa = PBXNativeTarget;
			buildConfigurationList = D62798F22BB89DB900B7A021 /* Build configuration list for PBXNativeTarget "TaskManagerUITests" */;
			buildPhases = (
				D62798DE2BB89DB900B7A021 /* Sources */,
				D62798DF2BB89DB900B7A021 /* Frameworks */,
				D62798E02BB89DB900B7A021 /* Resources */,
			);
			buildRules = (
			);
			dependencies = (
				D62798E42BB89DB900B7A021 /* PBXTargetDependency */,
			);
			name = TaskManagerUITests;
			productName = TaskManagerUITests;
			productReference = D62798E22BB89DB900B7A021 /* TaskManagerUITests.xctest */;
			productType = "com.apple.product-type.bundle.ui-testing";
		};
/* End PBXNativeTarget section */

/* Begin PBXProject section */
		D62798B72BB89DB700B7A021 /* Project object */ = {
			isa = PBXProject;
			attributes = {
				BuildIndependentTargetsInParallel = 1;
				LastSwiftUpdateCheck = 1500;
				LastUpgradeCheck = 1500;
				TargetAttributes = {
					D62798BE2BB89DB700B7A021 = {
						CreatedOnToolsVersion = 15.0.1;
					};
					D62798D72BB89DB900B7A021 = {
						CreatedOnToolsVersion = 15.0.1;
						TestTargetID = D62798BE2BB89DB700B7A021;
					};
					D62798E12BB89DB900B7A021 = {
						CreatedOnToolsVersion = 15.0.1;
						TestTargetID = D62798BE2BB89DB700B7A021;
					};
				};
			};
			buildConfigurationList = D62798BA2BB89DB700B7A021 /* Build configuration list for PBXProject "TaskManager" */;
			compatibilityVersion = "Xcode 14.0";
			developmentRegion = en;
			hasScannedForEncodings = 0;
			knownRegions = (
				en,
				Base,
			);
			mainGroup = D62798B62BB89DB700B7A021;
			productRefGroup = D62798C02BB89DB700B7A021 /* Products */;
			projectDirPath = "";
			projectRoot = "";
			targets = (
				D62798BE2BB89DB700B7A021 /* TaskManager */,
				D62798D72BB89DB900B7A021 /* TaskManagerTests */,
				D62798E12BB89DB900B7A021 /* TaskManagerUITests */,
			);
		};
/* End PBXProject section */

/* Begin PBXResourcesBuildPhase section */
		D62798BD2BB89DB700B7A021 /* Resources */ = {
			isa = PBXResourcesBuildPhase;
			buildActionMask = 2147483647;
			files = (
				D627992D2BB90A5E00B7A021 /* swiftgen.yml in Resources */,
				D62799062BB8D62700B7A021 /* OnboardingData.json in Resources */,
				D627992B2BB90A4D00B7A021 /* Localizable.strings in Resources */,
				D62798D22BB89DB900B7A021 /* LaunchScreen.storyboard in Resources */,
				D62799102BB8D79200B7A021 /* OnboardingViewController.xib in Resources */,
				D627991C2BB9009100B7A021 /* Kanit-Regular.ttf in Resources */,
				D62799172BB9007100B7A021 /* Kanit-Bold.ttf in Resources */,
				D62799222BB9049100B7A021 /* Colors.xcassets in Resources */,
				D627991D2BB9009100B7A021 /* Kanit-SemiBold.ttf in Resources */,
				D62798CF2BB89DB900B7A021 /* Assets.xcassets in Resources */,
				D627991B2BB9009100B7A021 /* Kanit-Medium.ttf in Resources */,
				D62799022BB8D58200B7A021 /* OnboardingCollectionViewCell.xib in Resources */,
				D62799262BB9098100B7A021 /* .swiftlint.yml in Resources */,
			);
			runOnlyForDeploymentPostprocessing = 0;
		};
		D62798D62BB89DB900B7A021 /* Resources */ = {
			isa = PBXResourcesBuildPhase;
			buildActionMask = 2147483647;
			files = (
			);
			runOnlyForDeploymentPostprocessing = 0;
		};
		D62798E02BB89DB900B7A021 /* Resources */ = {
			isa = PBXResourcesBuildPhase;
			buildActionMask = 2147483647;
			files = (
			);
			runOnlyForDeploymentPostprocessing = 0;
		};
/* End PBXResourcesBuildPhase section */

/* Begin PBXShellScriptBuildPhase section */
		D62799272BB9099700B7A021 /* swiftlint */ = {
			isa = PBXShellScriptBuildPhase;
			buildActionMask = 2147483647;
			files = (
			);
			inputFileListPaths = (
			);
			inputPaths = (
			);
			name = swiftlint;
			outputFileListPaths = (
			);
			outputPaths = (
			);
			runOnlyForDeploymentPostprocessing = 0;
			shellPath = /bin/sh;
			shellScript = "export PATH=\"$PATH:/opt/homebrew/bin\"\nif which swiftlint >/dev/null; then\n  swiftlint\nelse\n  echo \"warning: SwiftLint not installed, download from https://github.com/realm/SwiftLint\"\nfi \n\n";
		};
		D627992E2BB90A7100B7A021 /* swiftgen */ = {
			isa = PBXShellScriptBuildPhase;
			buildActionMask = 2147483647;
			files = (
			);
			inputFileListPaths = (
			);
			inputPaths = (
			);
			name = swiftgen;
			outputFileListPaths = (
			);
			outputPaths = (
			);
			runOnlyForDeploymentPostprocessing = 0;
			shellPath = /bin/sh;
			shellScript = "# Type a script or drag a script file from your workspace to insert its path.\nexport PATH=\"$PATH:/opt/homebrew/bin\"\nif which swiftgen >/dev/null; then\n  swiftgen\nelse\n  echo \"warning: get not installed, download from https://github.com/realm/SwiftLint\"\nfi \n";
		};
/* End PBXShellScriptBuildPhase section */

/* Begin PBXSourcesBuildPhase section */
		D62798BB2BB89DB700B7A021 /* Sources */ = {
			isa = PBXSourcesBuildPhase;
			buildActionMask = 2147483647;
			files = (
				D62798FD2BB8D46600B7A021 /* PageControl.swift in Sources */,
				D627990C2BB8D6B300B7A021 /* +JSONDecoder.swift in Sources */,
				D62799302BB90A9300B7A021 /* Strings+Generated.swift in Sources */,
				D62798C32BB89DB700B7A021 /* AppDelegate.swift in Sources */,
				D62799082BB8D67700B7A021 /* OnboardingViewModel.swift in Sources */,
				D62798CD2BB89DB700B7A021 /* TaskManager.xcdatamodeld in Sources */,
				D62799042BB8D5CA00B7A021 /* OnboardingModel.swift in Sources */,
				D627990F2BB8D79200B7A021 /* OnboardingViewController.swift in Sources */,
				D62799132BB8DA3500B7A021 /* UICollectionVeiw+Extension.swift in Sources */,
				D627991F2BB900EE00B7A021 /* Fonts.swift in Sources */,
				D62798C52BB89DB700B7A021 /* SceneDelegate.swift in Sources */,
				D62799012BB8D58200B7A021 /* OnboardingCollectionViewCell.swift in Sources */,
			);
			runOnlyForDeploymentPostprocessing = 0;
		};
		D62798D42BB89DB900B7A021 /* Sources */ = {
			isa = PBXSourcesBuildPhase;
			buildActionMask = 2147483647;
			files = (
				D62798DD2BB89DB900B7A021 /* TaskManagerTests.swift in Sources */,
			);
			runOnlyForDeploymentPostprocessing = 0;
		};
		D62798DE2BB89DB900B7A021 /* Sources */ = {
			isa = PBXSourcesBuildPhase;
			buildActionMask = 2147483647;
			files = (
				D62798E72BB89DB900B7A021 /* TaskManagerUITests.swift in Sources */,
				D62798E92BB89DB900B7A021 /* TaskManagerUITestsLaunchTests.swift in Sources */,
			);
			runOnlyForDeploymentPostprocessing = 0;
		};
/* End PBXSourcesBuildPhase section */

/* Begin PBXTargetDependency section */
		D62798DA2BB89DB900B7A021 /* PBXTargetDependency */ = {
			isa = PBXTargetDependency;
			target = D62798BE2BB89DB700B7A021 /* TaskManager */;
			targetProxy = D62798D92BB89DB900B7A021 /* PBXContainerItemProxy */;
		};
		D62798E42BB89DB900B7A021 /* PBXTargetDependency */ = {
			isa = PBXTargetDependency;
			target = D62798BE2BB89DB700B7A021 /* TaskManager */;
			targetProxy = D62798E32BB89DB900B7A021 /* PBXContainerItemProxy */;
		};
/* End PBXTargetDependency section */

/* Begin PBXVariantGroup section */
		D62798D02BB89DB900B7A021 /* LaunchScreen.storyboard */ = {
			isa = PBXVariantGroup;
			children = (
				D62798D12BB89DB900B7A021 /* Base */,
			);
			name = LaunchScreen.storyboard;
			sourceTree = "<group>";
		};
/* End PBXVariantGroup section */

/* Begin XCBuildConfiguration section */
		D62798EA2BB89DB900B7A021 /* Debug */ = {
			isa = XCBuildConfiguration;
			buildSettings = {
				ALWAYS_SEARCH_USER_PATHS = NO;
				ASSETCATALOG_COMPILER_GENERATE_SWIFT_ASSET_SYMBOL_EXTENSIONS = YES;
				CLANG_ANALYZER_NONNULL = YES;
				CLANG_ANALYZER_NUMBER_OBJECT_CONVERSION = YES_AGGRESSIVE;
				CLANG_CXX_LANGUAGE_STANDARD = "gnu++20";
				CLANG_ENABLE_MODULES = YES;
				CLANG_ENABLE_OBJC_ARC = YES;
				CLANG_ENABLE_OBJC_WEAK = YES;
				CLANG_WARN_BLOCK_CAPTURE_AUTORELEASING = YES;
				CLANG_WARN_BOOL_CONVERSION = YES;
				CLANG_WARN_COMMA = YES;
				CLANG_WARN_CONSTANT_CONVERSION = YES;
				CLANG_WARN_DEPRECATED_OBJC_IMPLEMENTATIONS = YES;
				CLANG_WARN_DIRECT_OBJC_ISA_USAGE = YES_ERROR;
				CLANG_WARN_DOCUMENTATION_COMMENTS = YES;
				CLANG_WARN_EMPTY_BODY = YES;
				CLANG_WARN_ENUM_CONVERSION = YES;
				CLANG_WARN_INFINITE_RECURSION = YES;
				CLANG_WARN_INT_CONVERSION = YES;
				CLANG_WARN_NON_LITERAL_NULL_CONVERSION = YES;
				CLANG_WARN_OBJC_IMPLICIT_RETAIN_SELF = YES;
				CLANG_WARN_OBJC_LITERAL_CONVERSION = YES;
				CLANG_WARN_OBJC_ROOT_CLASS = YES_ERROR;
				CLANG_WARN_QUOTED_INCLUDE_IN_FRAMEWORK_HEADER = YES;
				CLANG_WARN_RANGE_LOOP_ANALYSIS = YES;
				CLANG_WARN_STRICT_PROTOTYPES = YES;
				CLANG_WARN_SUSPICIOUS_MOVE = YES;
				CLANG_WARN_UNGUARDED_AVAILABILITY = YES_AGGRESSIVE;
				CLANG_WARN_UNREACHABLE_CODE = YES;
				CLANG_WARN__DUPLICATE_METHOD_MATCH = YES;
				COPY_PHASE_STRIP = NO;
				DEBUG_INFORMATION_FORMAT = dwarf;
				ENABLE_STRICT_OBJC_MSGSEND = YES;
				ENABLE_TESTABILITY = YES;
				ENABLE_USER_SCRIPT_SANDBOXING = YES;
				GCC_C_LANGUAGE_STANDARD = gnu17;
				GCC_DYNAMIC_NO_PIC = NO;
				GCC_NO_COMMON_BLOCKS = YES;
				GCC_OPTIMIZATION_LEVEL = 0;
				GCC_PREPROCESSOR_DEFINITIONS = (
					"DEBUG=1",
					"$(inherited)",
				);
				GCC_WARN_64_TO_32_BIT_CONVERSION = YES;
				GCC_WARN_ABOUT_RETURN_TYPE = YES_ERROR;
				GCC_WARN_UNDECLARED_SELECTOR = YES;
				GCC_WARN_UNINITIALIZED_AUTOS = YES_AGGRESSIVE;
				GCC_WARN_UNUSED_FUNCTION = YES;
				GCC_WARN_UNUSED_VARIABLE = YES;
				IPHONEOS_DEPLOYMENT_TARGET = 17.0;
				LOCALIZATION_PREFERS_STRING_CATALOGS = YES;
				MTL_ENABLE_DEBUG_INFO = INCLUDE_SOURCE;
				MTL_FAST_MATH = YES;
				ONLY_ACTIVE_ARCH = YES;
				SDKROOT = iphoneos;
				SWIFT_ACTIVE_COMPILATION_CONDITIONS = "DEBUG $(inherited)";
				SWIFT_OPTIMIZATION_LEVEL = "-Onone";
			};
			name = Debug;
		};
		D62798EB2BB89DB900B7A021 /* Release */ = {
			isa = XCBuildConfiguration;
			buildSettings = {
				ALWAYS_SEARCH_USER_PATHS = NO;
				ASSETCATALOG_COMPILER_GENERATE_SWIFT_ASSET_SYMBOL_EXTENSIONS = YES;
				CLANG_ANALYZER_NONNULL = YES;
				CLANG_ANALYZER_NUMBER_OBJECT_CONVERSION = YES_AGGRESSIVE;
				CLANG_CXX_LANGUAGE_STANDARD = "gnu++20";
				CLANG_ENABLE_MODULES = YES;
				CLANG_ENABLE_OBJC_ARC = YES;
				CLANG_ENABLE_OBJC_WEAK = YES;
				CLANG_WARN_BLOCK_CAPTURE_AUTORELEASING = YES;
				CLANG_WARN_BOOL_CONVERSION = YES;
				CLANG_WARN_COMMA = YES;
				CLANG_WARN_CONSTANT_CONVERSION = YES;
				CLANG_WARN_DEPRECATED_OBJC_IMPLEMENTATIONS = YES;
				CLANG_WARN_DIRECT_OBJC_ISA_USAGE = YES_ERROR;
				CLANG_WARN_DOCUMENTATION_COMMENTS = YES;
				CLANG_WARN_EMPTY_BODY = YES;
				CLANG_WARN_ENUM_CONVERSION = YES;
				CLANG_WARN_INFINITE_RECURSION = YES;
				CLANG_WARN_INT_CONVERSION = YES;
				CLANG_WARN_NON_LITERAL_NULL_CONVERSION = YES;
				CLANG_WARN_OBJC_IMPLICIT_RETAIN_SELF = YES;
				CLANG_WARN_OBJC_LITERAL_CONVERSION = YES;
				CLANG_WARN_OBJC_ROOT_CLASS = YES_ERROR;
				CLANG_WARN_QUOTED_INCLUDE_IN_FRAMEWORK_HEADER = YES;
				CLANG_WARN_RANGE_LOOP_ANALYSIS = YES;
				CLANG_WARN_STRICT_PROTOTYPES = YES;
				CLANG_WARN_SUSPICIOUS_MOVE = YES;
				CLANG_WARN_UNGUARDED_AVAILABILITY = YES_AGGRESSIVE;
				CLANG_WARN_UNREACHABLE_CODE = YES;
				CLANG_WARN__DUPLICATE_METHOD_MATCH = YES;
				COPY_PHASE_STRIP = NO;
				DEBUG_INFORMATION_FORMAT = "dwarf-with-dsym";
				ENABLE_NS_ASSERTIONS = NO;
				ENABLE_STRICT_OBJC_MSGSEND = YES;
				ENABLE_USER_SCRIPT_SANDBOXING = YES;
				GCC_C_LANGUAGE_STANDARD = gnu17;
				GCC_NO_COMMON_BLOCKS = YES;
				GCC_WARN_64_TO_32_BIT_CONVERSION = YES;
				GCC_WARN_ABOUT_RETURN_TYPE = YES_ERROR;
				GCC_WARN_UNDECLARED_SELECTOR = YES;
				GCC_WARN_UNINITIALIZED_AUTOS = YES_AGGRESSIVE;
				GCC_WARN_UNUSED_FUNCTION = YES;
				GCC_WARN_UNUSED_VARIABLE = YES;
				IPHONEOS_DEPLOYMENT_TARGET = 17.0;
				LOCALIZATION_PREFERS_STRING_CATALOGS = YES;
				MTL_ENABLE_DEBUG_INFO = NO;
				MTL_FAST_MATH = YES;
				SDKROOT = iphoneos;
				SWIFT_COMPILATION_MODE = wholemodule;
				VALIDATE_PRODUCT = YES;
			};
			name = Release;
		};
		D62798ED2BB89DB900B7A021 /* Debug */ = {
			isa = XCBuildConfiguration;
			buildSettings = {
				ASSETCATALOG_COMPILER_APPICON_NAME = AppIcon;
				ASSETCATALOG_COMPILER_GLOBAL_ACCENT_COLOR_NAME = AccentColor;
				CODE_SIGN_STYLE = Automatic;
				CURRENT_PROJECT_VERSION = 1;
				DEVELOPMENT_TEAM = Z9VC2L39AT;
				ENABLE_USER_SCRIPT_SANDBOXING = NO;
				GENERATE_INFOPLIST_FILE = YES;
				INFOPLIST_FILE = TaskManager/Info.plist;
				INFOPLIST_KEY_UIApplicationSupportsIndirectInputEvents = YES;
				INFOPLIST_KEY_UILaunchStoryboardName = LaunchScreen;
				INFOPLIST_KEY_UISupportedInterfaceOrientations_iPad = "UIInterfaceOrientationPortrait UIInterfaceOrientationPortraitUpsideDown UIInterfaceOrientationLandscapeLeft UIInterfaceOrientationLandscapeRight";
				INFOPLIST_KEY_UISupportedInterfaceOrientations_iPhone = "UIInterfaceOrientationPortrait UIInterfaceOrientationLandscapeLeft UIInterfaceOrientationLandscapeRight";
				LD_RUNPATH_SEARCH_PATHS = (
					"$(inherited)",
					"@executable_path/Frameworks",
				);
				MARKETING_VERSION = 1.0;
				PRODUCT_BUNDLE_IDENTIFIER = co.thenasserr.TaskManager;
				PRODUCT_NAME = "$(TARGET_NAME)";
				SWIFT_EMIT_LOC_STRINGS = YES;
				SWIFT_VERSION = 5.0;
				TARGETED_DEVICE_FAMILY = "1,2";
			};
			name = Debug;
		};
		D62798EE2BB89DB900B7A021 /* Release */ = {
			isa = XCBuildConfiguration;
			buildSettings = {
				ASSETCATALOG_COMPILER_APPICON_NAME = AppIcon;
				ASSETCATALOG_COMPILER_GLOBAL_ACCENT_COLOR_NAME = AccentColor;
				CODE_SIGN_STYLE = Automatic;
				CURRENT_PROJECT_VERSION = 1;
				DEVELOPMENT_TEAM = Z9VC2L39AT;
				ENABLE_USER_SCRIPT_SANDBOXING = NO;
				GENERATE_INFOPLIST_FILE = YES;
				INFOPLIST_FILE = TaskManager/Info.plist;
				INFOPLIST_KEY_UIApplicationSupportsIndirectInputEvents = YES;
				INFOPLIST_KEY_UILaunchStoryboardName = LaunchScreen;
				INFOPLIST_KEY_UISupportedInterfaceOrientations_iPad = "UIInterfaceOrientationPortrait UIInterfaceOrientationPortraitUpsideDown UIInterfaceOrientationLandscapeLeft UIInterfaceOrientationLandscapeRight";
				INFOPLIST_KEY_UISupportedInterfaceOrientations_iPhone = "UIInterfaceOrientationPortrait UIInterfaceOrientationLandscapeLeft UIInterfaceOrientationLandscapeRight";
				LD_RUNPATH_SEARCH_PATHS = (
					"$(inherited)",
					"@executable_path/Frameworks",
				);
				MARKETING_VERSION = 1.0;
				PRODUCT_BUNDLE_IDENTIFIER = co.thenasserr.TaskManager;
				PRODUCT_NAME = "$(TARGET_NAME)";
				SWIFT_EMIT_LOC_STRINGS = YES;
				SWIFT_VERSION = 5.0;
				TARGETED_DEVICE_FAMILY = "1,2";
			};
			name = Release;
		};
		D62798F02BB89DB900B7A021 /* Debug */ = {
			isa = XCBuildConfiguration;
			buildSettings = {
				ALWAYS_EMBED_SWIFT_STANDARD_LIBRARIES = YES;
				BUNDLE_LOADER = "$(TEST_HOST)";
				CODE_SIGN_STYLE = Automatic;
				CURRENT_PROJECT_VERSION = 1;
				DEVELOPMENT_TEAM = Z9VC2L39AT;
				GENERATE_INFOPLIST_FILE = YES;
				IPHONEOS_DEPLOYMENT_TARGET = 17.0;
				MARKETING_VERSION = 1.0;
				PRODUCT_BUNDLE_IDENTIFIER = co.thenasserr.TaskManagerTests;
				PRODUCT_NAME = "$(TARGET_NAME)";
				SWIFT_EMIT_LOC_STRINGS = NO;
				SWIFT_VERSION = 5.0;
				TARGETED_DEVICE_FAMILY = "1,2";
				TEST_HOST = "$(BUILT_PRODUCTS_DIR)/TaskManager.app/$(BUNDLE_EXECUTABLE_FOLDER_PATH)/TaskManager";
			};
			name = Debug;
		};
		D62798F12BB89DB900B7A021 /* Release */ = {
			isa = XCBuildConfiguration;
			buildSettings = {
				ALWAYS_EMBED_SWIFT_STANDARD_LIBRARIES = YES;
				BUNDLE_LOADER = "$(TEST_HOST)";
				CODE_SIGN_STYLE = Automatic;
				CURRENT_PROJECT_VERSION = 1;
				DEVELOPMENT_TEAM = Z9VC2L39AT;
				GENERATE_INFOPLIST_FILE = YES;
				IPHONEOS_DEPLOYMENT_TARGET = 17.0;
				MARKETING_VERSION = 1.0;
				PRODUCT_BUNDLE_IDENTIFIER = co.thenasserr.TaskManagerTests;
				PRODUCT_NAME = "$(TARGET_NAME)";
				SWIFT_EMIT_LOC_STRINGS = NO;
				SWIFT_VERSION = 5.0;
				TARGETED_DEVICE_FAMILY = "1,2";
				TEST_HOST = "$(BUILT_PRODUCTS_DIR)/TaskManager.app/$(BUNDLE_EXECUTABLE_FOLDER_PATH)/TaskManager";
			};
			name = Release;
		};
		D62798F32BB89DB900B7A021 /* Debug */ = {
			isa = XCBuildConfiguration;
			buildSettings = {
				ALWAYS_EMBED_SWIFT_STANDARD_LIBRARIES = YES;
				CODE_SIGN_STYLE = Automatic;
				CURRENT_PROJECT_VERSION = 1;
				DEVELOPMENT_TEAM = Z9VC2L39AT;
				GENERATE_INFOPLIST_FILE = YES;
				MARKETING_VERSION = 1.0;
				PRODUCT_BUNDLE_IDENTIFIER = co.thenasserr.TaskManagerUITests;
				PRODUCT_NAME = "$(TARGET_NAME)";
				SWIFT_EMIT_LOC_STRINGS = NO;
				SWIFT_VERSION = 5.0;
				TARGETED_DEVICE_FAMILY = "1,2";
				TEST_TARGET_NAME = TaskManager;
			};
			name = Debug;
		};
		D62798F42BB89DB900B7A021 /* Release */ = {
			isa = XCBuildConfiguration;
			buildSettings = {
				ALWAYS_EMBED_SWIFT_STANDARD_LIBRARIES = YES;
				CODE_SIGN_STYLE = Automatic;
				CURRENT_PROJECT_VERSION = 1;
				DEVELOPMENT_TEAM = Z9VC2L39AT;
				GENERATE_INFOPLIST_FILE = YES;
				MARKETING_VERSION = 1.0;
				PRODUCT_BUNDLE_IDENTIFIER = co.thenasserr.TaskManagerUITests;
				PRODUCT_NAME = "$(TARGET_NAME)";
				SWIFT_EMIT_LOC_STRINGS = NO;
				SWIFT_VERSION = 5.0;
				TARGETED_DEVICE_FAMILY = "1,2";
				TEST_TARGET_NAME = TaskManager;
			};
			name = Release;
		};
/* End XCBuildConfiguration section */

/* Begin XCConfigurationList section */
		D62798BA2BB89DB700B7A021 /* Build configuration list for PBXProject "TaskManager" */ = {
			isa = XCConfigurationList;
			buildConfigurations = (
				D62798EA2BB89DB900B7A021 /* Debug */,
				D62798EB2BB89DB900B7A021 /* Release */,
			);
			defaultConfigurationIsVisible = 0;
			defaultConfigurationName = Release;
		};
		D62798EC2BB89DB900B7A021 /* Build configuration list for PBXNativeTarget "TaskManager" */ = {
			isa = XCConfigurationList;
			buildConfigurations = (
				D62798ED2BB89DB900B7A021 /* Debug */,
				D62798EE2BB89DB900B7A021 /* Release */,
			);
			defaultConfigurationIsVisible = 0;
			defaultConfigurationName = Release;
		};
		D62798EF2BB89DB900B7A021 /* Build configuration list for PBXNativeTarget "TaskManagerTests" */ = {
			isa = XCConfigurationList;
			buildConfigurations = (
				D62798F02BB89DB900B7A021 /* Debug */,
				D62798F12BB89DB900B7A021 /* Release */,
			);
			defaultConfigurationIsVisible = 0;
			defaultConfigurationName = Release;
		};
		D62798F22BB89DB900B7A021 /* Build configuration list for PBXNativeTarget "TaskManagerUITests" */ = {
			isa = XCConfigurationList;
			buildConfigurations = (
				D62798F32BB89DB900B7A021 /* Debug */,
				D62798F42BB89DB900B7A021 /* Release */,
			);
			defaultConfigurationIsVisible = 0;
			defaultConfigurationName = Release;
		};
/* End XCConfigurationList section */

/* Begin XCVersionGroup section */
		D62798CB2BB89DB700B7A021 /* TaskManager.xcdatamodeld */ = {
			isa = XCVersionGroup;
			children = (
				D62798CC2BB89DB700B7A021 /* TaskManager.xcdatamodel */,
			);
			currentVersion = D62798CC2BB89DB700B7A021 /* TaskManager.xcdatamodel */;
			path = TaskManager.xcdatamodeld;
			sourceTree = "<group>";
			versionGroupType = wrapper.xcdatamodel;
		};
/* End XCVersionGroup section */
	};
	rootObject = D62798B72BB89DB700B7A021 /* Project object */;
}
